
Microsoft Visual Studio Solution File, Format Version 10.00
# Visual Studio 2008
Project("{FAE04EC0-301F-11D3-BF4B-00C04F79EFBC}") = "ShimLib", "ShimLib\ShimLib.csproj", "{125EF6E9-CA43-420D-9718-8149500B627B}"
EndProject
Global
	GlobalSection(SolutionConfigurationPlatforms) = preSolution
		Debug|Any CPU = Debug|Any CPU
		Release|Any CPU = Release|Any CPU
	EndGlobalSection
	GlobalSection(ProjectConfigurationPlatforms) = postSolution
		{125EF6E9-CA43-420D-9718-8149500B627B}.Debug|Any CPU.ActiveCfg = Debug|Any CPU
		{125EF6E9-CA43-420D-9718-8149500B627B}.Debug|Any CPU.Build.0 = Debug|Any CPU
		{125EF6E9-CA43-420D-9718-8149500B627B}.Release|Any CPU.ActiveCfg = Release|Any CPU
		{125EF6E9-CA43-420D-9718-8149500B627B}.Release|Any CPU.Build.0 = Release|Any CPU
	EndGlobalSection
	GlobalSection(SolutionProperties) = preSolution
		HideSolutionNode = FALSE
	EndGlobalSection
EndGlobal
